
Microsoft Visual Studio Solution File, Format Version 12.00
# Visual Studio 15
VisualStudioVersion = 15.0.27130.2027
MinimumVisualStudioVersion = 10.0.40219.1
Project("{00D1A9C2-B5F0-4AF3-8072-F6C62B433612}") = "CaseManagementv4", "CaseManagementv4\CaseManagementv4.sqlproj", "{182FDA29-5A9E-4CB6-A9AF-5066E19180EE}"
EndProject
Global
	GlobalSection(SolutionConfigurationPlatforms) = preSolution
		Debug|Any CPU = Debug|Any CPU
		Release|Any CPU = Release|Any CPU
	EndGlobalSection
	GlobalSection(ProjectConfigurationPlatforms) = postSolution
		{182FDA29-5A9E-4CB6-A9AF-5066E19180EE}.Debug|Any CPU.ActiveCfg = Debug|Any CPU
		{182FDA29-5A9E-4CB6-A9AF-5066E19180EE}.Debug|Any CPU.Build.0 = Debug|Any CPU
		{182FDA29-5A9E-4CB6-A9AF-5066E19180EE}.Debug|Any CPU.Deploy.0 = Debug|Any CPU
		{182FDA29-5A9E-4CB6-A9AF-5066E19180EE}.Release|Any CPU.ActiveCfg = Release|Any CPU
		{182FDA29-5A9E-4CB6-A9AF-5066E19180EE}.Release|Any CPU.Build.0 = Release|Any CPU
		{182FDA29-5A9E-4CB6-A9AF-5066E19180EE}.Release|Any CPU.Deploy.0 = Release|Any CPU
	EndGlobalSection
	GlobalSection(SolutionProperties) = preSolution
		HideSolutionNode = FALSE
	EndGlobalSection
	GlobalSection(ExtensibilityGlobals) = postSolution
		SolutionGuid = {B9FF8054-2628-42A2-A6A9-2878220EBFC7}
	EndGlobalSection
EndGlobal
